
Microsoft Visual Studio Solution File, Format Version 12.00
# Visual Studio Version 17
VisualStudioVersion = 17.3.32901.215
MinimumVisualStudioVersion = 10.0.40219.1
Project("{FAE04EC0-301F-11D3-BF4B-00C04F79EFBC}") = "PasswordGeneratorForms", "PasswordGeneratorForms.csproj", "{9303F333-9082-4D18-9DC8-A952B1B69C9B}"
EndProject
Global
	GlobalSection(SolutionConfigurationPlatforms) = preSolution
		Debug|Any CPU = Debug|Any CPU
		Release|Any CPU = Release|Any CPU
	EndGlobalSection
	GlobalSection(ProjectConfigurationPlatforms) = postSolution
		{9303F333-9082-4D18-9DC8-A952B1B69C9B}.Debug|Any CPU.ActiveCfg = Debug|Any CPU
		{9303F333-9082-4D18-9DC8-A952B1B69C9B}.Debug|Any CPU.Build.0 = Debug|Any CPU
		{9303F333-9082-4D18-9DC8-A952B1B69C9B}.Release|Any CPU.ActiveCfg = Release|Any CPU
		{9303F333-9082-4D18-9DC8-A952B1B69C9B}.Release|Any CPU.Build.0 = Release|Any CPU
	EndGlobalSection
	GlobalSection(SolutionProperties) = preSolution
		HideSolutionNode = FALSE
	EndGlobalSection
	GlobalSection(ExtensibilityGlobals) = postSolution
		SolutionGuid = {7293D7CD-463B-482C-AFCC-D92FCCFC996B}
	EndGlobalSection
EndGlobal
